
Microsoft Visual Studio Solution File, Format Version 12.00
# Visual Studio Version 17
VisualStudioVersion = 17.8.34330.188
MinimumVisualStudioVersion = 10.0.40219.1
Project("{FAE04EC0-301F-11D3-BF4B-00C04F79EFBC}") = "KanzWayScreening.API", "KanzWayScreening.API\KanzWayScreening.API.csproj", "{9F532857-6218-4FD8-8224-B1D6E547E406}"
EndProject
Project("{FAE04EC0-301F-11D3-BF4B-00C04F79EFBC}") = "KanzWayScreening.Application", "KanzWayScreening.Application\KanzWayScreening.Application.csproj", "{3559A998-34F7-4536-9BF7-97647AB4DD06}"
EndProject
Project("{FAE04EC0-301F-11D3-BF4B-00C04F79EFBC}") = "KanzWayScreening.Domain", "KanzWayScreening.Domain\KanzWayScreening.Domain.csproj", "{FAD0344A-3CA6-42DB-8AFD-1E5CB174E698}"
EndProject
Project("{FAE04EC0-301F-11D3-BF4B-00C04F79EFBC}") = "KanzWayScreening.Infrastructure", "KanzWayScreening.Infrastructure\KanzWayScreening.Infrastructure.csproj", "{617C888B-706C-4C15-BEC8-18014F9AAD58}"
EndProject
Project("{2150E333-8FDC-42A3-9474-1A3956D46DE8}") = "src", "src", "{2243A1D4-CAD5-4E47-86DC-F1CE43E9FD9B}"
EndProject
Project("{2150E333-8FDC-42A3-9474-1A3956D46DE8}") = "tests", "tests", "{887C9072-F89F-4039-81A4-C0ABD5858747}"
EndProject
Project("{FAE04EC0-301F-11D3-BF4B-00C04F79EFBC}") = "KanzWayScreening.IntegrationTests", "KanzWayScreening.IntegrationTests\KanzWayScreening.IntegrationTests.csproj", "{261DE9AD-F883-4DE3-AC70-ACD17460E5DE}"
EndProject
Global
	GlobalSection(SolutionConfigurationPlatforms) = preSolution
		Debug|Any CPU = Debug|Any CPU
		Release|Any CPU = Release|Any CPU
	EndGlobalSection
	GlobalSection(ProjectConfigurationPlatforms) = postSolution
		{9F532857-6218-4FD8-8224-B1D6E547E406}.Debug|Any CPU.ActiveCfg = Debug|Any CPU
		{9F532857-6218-4FD8-8224-B1D6E547E406}.Debug|Any CPU.Build.0 = Debug|Any CPU
		{9F532857-6218-4FD8-8224-B1D6E547E406}.Release|Any CPU.ActiveCfg = Release|Any CPU
		{9F532857-6218-4FD8-8224-B1D6E547E406}.Release|Any CPU.Build.0 = Release|Any CPU
		{3559A998-34F7-4536-9BF7-97647AB4DD06}.Debug|Any CPU.ActiveCfg = Debug|Any CPU
		{3559A998-34F7-4536-9BF7-97647AB4DD06}.Debug|Any CPU.Build.0 = Debug|Any CPU
		{3559A998-34F7-4536-9BF7-97647AB4DD06}.Release|Any CPU.ActiveCfg = Release|Any CPU
		{3559A998-34F7-4536-9BF7-97647AB4DD06}.Release|Any CPU.Build.0 = Release|Any CPU
		{FAD0344A-3CA6-42DB-8AFD-1E5CB174E698}.Debug|Any CPU.ActiveCfg = Debug|Any CPU
		{FAD0344A-3CA6-42DB-8AFD-1E5CB174E698}.Debug|Any CPU.Build.0 = Debug|Any CPU
		{FAD0344A-3CA6-42DB-8AFD-1E5CB174E698}.Release|Any CPU.ActiveCfg = Release|Any CPU
		{FAD0344A-3CA6-42DB-8AFD-1E5CB174E698}.Release|Any CPU.Build.0 = Release|Any CPU
		{617C888B-706C-4C15-BEC8-18014F9AAD58}.Debug|Any CPU.ActiveCfg = Debug|Any CPU
		{617C888B-706C-4C15-BEC8-18014F9AAD58}.Debug|Any CPU.Build.0 = Debug|Any CPU
		{617C888B-706C-4C15-BEC8-18014F9AAD58}.Release|Any CPU.ActiveCfg = Release|Any CPU
		{617C888B-706C-4C15-BEC8-18014F9AAD58}.Release|Any CPU.Build.0 = Release|Any CPU
		{261DE9AD-F883-4DE3-AC70-ACD17460E5DE}.Debug|Any CPU.ActiveCfg = Debug|Any CPU
		{261DE9AD-F883-4DE3-AC70-ACD17460E5DE}.Debug|Any CPU.Build.0 = Debug|Any CPU
		{261DE9AD-F883-4DE3-AC70-ACD17460E5DE}.Release|Any CPU.ActiveCfg = Release|Any CPU
		{261DE9AD-F883-4DE3-AC70-ACD17460E5DE}.Release|Any CPU.Build.0 = Release|Any CPU
	EndGlobalSection
	GlobalSection(SolutionProperties) = preSolution
		HideSolutionNode = FALSE
	EndGlobalSection
	GlobalSection(NestedProjects) = preSolution
		{9F532857-6218-4FD8-8224-B1D6E547E406} = {2243A1D4-CAD5-4E47-86DC-F1CE43E9FD9B}
		{3559A998-34F7-4536-9BF7-97647AB4DD06} = {2243A1D4-CAD5-4E47-86DC-F1CE43E9FD9B}
		{FAD0344A-3CA6-42DB-8AFD-1E5CB174E698} = {2243A1D4-CAD5-4E47-86DC-F1CE43E9FD9B}
		{617C888B-706C-4C15-BEC8-18014F9AAD58} = {2243A1D4-CAD5-4E47-86DC-F1CE43E9FD9B}
		{261DE9AD-F883-4DE3-AC70-ACD17460E5DE} = {887C9072-F89F-4039-81A4-C0ABD5858747}
	EndGlobalSection
	GlobalSection(ExtensibilityGlobals) = postSolution
		SolutionGuid = {134CFD5F-EBC6-4705-96D4-4170EA24B90B}
	EndGlobalSection
EndGlobal
